PODS:
  - SnapKit (4.0.1)
  - SwiftLint (0.46.2)

DEPENDENCIES:
  - SnapKit (~> 4.0.0)
  - SwiftLint

SPEC REPOS:
  trunk:
    - SnapKit
    - SwiftLint

SPEC CHECKSUMS:
  SnapKit: 0de968a9fec17499afa29683b05d0c775b6d1c29
  SwiftLint: 6bc52a21f0fd44cab9aa2dc8e534fb9f5e3ec507

PODFILE CHECKSUM: 07c607d7cf30dad3690783736de782c23b9393e5

COCOAPODS: 1.11.2
